
Microsoft Visual Studio Solution File, Format Version 12.00
# Visual Studio Version 17
VisualStudioVersion = 17.9.34616.47
MinimumVisualStudioVersion = 10.0.40219.1
Project("{FAE04EC0-301F-11D3-BF4B-00C04F79EFBC}") = "Mediatheque.Cli", "Mediatheque.Cli\Mediatheque.Cli.csproj", "{857470C4-9FEE-4F36-B5AA-CF1FD0EA9EBC}"
EndProject
Project("{FAE04EC0-301F-11D3-BF4B-00C04F79EFBC}") = "Mediatheque.Core", "Mediatheque.Core\Mediatheque.Core.csproj", "{4D72C299-ADDF-4EEE-B52C-58A6DEC40E02}"
EndProject
Project("{FAE04EC0-301F-11D3-BF4B-00C04F79EFBC}") = "Mediatheque.CoreTests", "Mediatheque.CoreTests\Mediatheque.CoreTests.csproj", "{2D851959-5C7B-4A96-878A-49F6743C87A8}"
EndProject
Global
	GlobalSection(SolutionConfigurationPlatforms) = preSolution
		Debug|Any CPU = Debug|Any CPU
		Release|Any CPU = Release|Any CPU
	EndGlobalSection
	GlobalSection(ProjectConfigurationPlatforms) = postSolution
		{857470C4-9FEE-4F36-B5AA-CF1FD0EA9EBC}.Debug|Any CPU.ActiveCfg = Debug|Any CPU
		{857470C4-9FEE-4F36-B5AA-CF1FD0EA9EBC}.Debug|Any CPU.Build.0 = Debug|Any CPU
		{857470C4-9FEE-4F36-B5AA-CF1FD0EA9EBC}.Release|Any CPU.ActiveCfg = Release|Any CPU
		{857470C4-9FEE-4F36-B5AA-CF1FD0EA9EBC}.Release|Any CPU.Build.0 = Release|Any CPU
		{4D72C299-ADDF-4EEE-B52C-58A6DEC40E02}.Debug|Any CPU.ActiveCfg = Debug|Any CPU
		{4D72C299-ADDF-4EEE-B52C-58A6DEC40E02}.Debug|Any CPU.Build.0 = Debug|Any CPU
		{4D72C299-ADDF-4EEE-B52C-58A6DEC40E02}.Release|Any CPU.ActiveCfg = Release|Any CPU
		{4D72C299-ADDF-4EEE-B52C-58A6DEC40E02}.Release|Any CPU.Build.0 = Release|Any CPU
		{2D851959-5C7B-4A96-878A-49F6743C87A8}.Debug|Any CPU.ActiveCfg = Debug|Any CPU
		{2D851959-5C7B-4A96-878A-49F6743C87A8}.Debug|Any CPU.Build.0 = Debug|Any CPU
		{2D851959-5C7B-4A96-878A-49F6743C87A8}.Release|Any CPU.ActiveCfg = Release|Any CPU
		{2D851959-5C7B-4A96-878A-49F6743C87A8}.Release|Any CPU.Build.0 = Release|Any CPU
	EndGlobalSection
	GlobalSection(SolutionProperties) = preSolution
		HideSolutionNode = FALSE
	EndGlobalSection
	GlobalSection(ExtensibilityGlobals) = postSolution
		SolutionGuid = {83FBDA17-413D-48F7-A94D-AD9845C64D48}
	EndGlobalSection
EndGlobal
